
Microsoft Visual Studio Solution File, Format Version 12.00
# Visual Studio Version 17
VisualStudioVersion = 17.9.34622.214
MinimumVisualStudioVersion = 10.0.40219.1
Project("{888888A0-9F3D-457C-B088-3A5042F75D52}") = "Урок 6 - Задание 1", "Урок 6 - Задание 1.pyproj", "{D42401A2-7C0C-42A7-8590-CA1290E64C74}"
EndProject
Global
	GlobalSection(SolutionConfigurationPlatforms) = preSolution
		Debug|Any CPU = Debug|Any CPU
		Release|Any CPU = Release|Any CPU
	EndGlobalSection
	GlobalSection(ProjectConfigurationPlatforms) = postSolution
		{D42401A2-7C0C-42A7-8590-CA1290E64C74}.Debug|Any CPU.ActiveCfg = Debug|Any CPU
		{D42401A2-7C0C-42A7-8590-CA1290E64C74}.Release|Any CPU.ActiveCfg = Release|Any CPU
	EndGlobalSection
	GlobalSection(SolutionProperties) = preSolution
		HideSolutionNode = FALSE
	EndGlobalSection
	GlobalSection(ExtensibilityGlobals) = postSolution
		SolutionGuid = {43B82C6B-79C2-4AEB-98B3-95DB69AFDE80}
	EndGlobalSection
EndGlobal
