
Microsoft Visual Studio Solution File, Format Version 12.00
# Visual Studio Version 17
VisualStudioVersion = 17.9.34622.214
MinimumVisualStudioVersion = 10.0.40219.1
Project("{888888A0-9F3D-457C-B088-3A5042F75D52}") = "Урок 6 - Задание 2", "Урок 6 - Задание 2.pyproj", "{2DBF7668-DCD5-4AFC-8002-A41E8A0A2F1E}"
EndProject
Global
	GlobalSection(SolutionConfigurationPlatforms) = preSolution
		Debug|Any CPU = Debug|Any CPU
		Release|Any CPU = Release|Any CPU
	EndGlobalSection
	GlobalSection(ProjectConfigurationPlatforms) = postSolution
		{2DBF7668-DCD5-4AFC-8002-A41E8A0A2F1E}.Debug|Any CPU.ActiveCfg = Debug|Any CPU
		{2DBF7668-DCD5-4AFC-8002-A41E8A0A2F1E}.Release|Any CPU.ActiveCfg = Release|Any CPU
	EndGlobalSection
	GlobalSection(SolutionProperties) = preSolution
		HideSolutionNode = FALSE
	EndGlobalSection
	GlobalSection(ExtensibilityGlobals) = postSolution
		SolutionGuid = {DFB93E3C-1669-43BE-B9BF-698CDE1581DD}
	EndGlobalSection
EndGlobal
