
Microsoft Visual Studio Solution File, Format Version 12.00
# Visual Studio Version 17
VisualStudioVersion = 17.9.34622.214
MinimumVisualStudioVersion = 10.0.40219.1
Project("{888888A0-9F3D-457C-B088-3A5042F75D52}") = "Урок 7 - Задание 2", "Урок 7 - Задание 2.pyproj", "{662499F9-0EF2-495E-83B2-9D37BDDDB0E3}"
EndProject
Global
	GlobalSection(SolutionConfigurationPlatforms) = preSolution
		Debug|Any CPU = Debug|Any CPU
		Release|Any CPU = Release|Any CPU
	EndGlobalSection
	GlobalSection(ProjectConfigurationPlatforms) = postSolution
		{662499F9-0EF2-495E-83B2-9D37BDDDB0E3}.Debug|Any CPU.ActiveCfg = Debug|Any CPU
		{662499F9-0EF2-495E-83B2-9D37BDDDB0E3}.Release|Any CPU.ActiveCfg = Release|Any CPU
	EndGlobalSection
	GlobalSection(SolutionProperties) = preSolution
		HideSolutionNode = FALSE
	EndGlobalSection
	GlobalSection(ExtensibilityGlobals) = postSolution
		SolutionGuid = {8A9AE3EC-5C03-4D3B-AC0A-AEBA50C03BDA}
	EndGlobalSection
EndGlobal
