
Microsoft Visual Studio Solution File, Format Version 12.00
# Visual Studio Version 17
VisualStudioVersion = 17.9.34622.214
MinimumVisualStudioVersion = 10.0.40219.1
Project("{888888A0-9F3D-457C-B088-3A5042F75D52}") = "Урок 3 - Задание 2", "Урок 3 - Задание 2.pyproj", "{D02E22EE-6FDB-4C59-AD4D-648FE718C5E4}"
EndProject
Global
	GlobalSection(SolutionConfigurationPlatforms) = preSolution
		Debug|Any CPU = Debug|Any CPU
		Release|Any CPU = Release|Any CPU
	EndGlobalSection
	GlobalSection(ProjectConfigurationPlatforms) = postSolution
		{D02E22EE-6FDB-4C59-AD4D-648FE718C5E4}.Debug|Any CPU.ActiveCfg = Debug|Any CPU
		{D02E22EE-6FDB-4C59-AD4D-648FE718C5E4}.Release|Any CPU.ActiveCfg = Release|Any CPU
	EndGlobalSection
	GlobalSection(SolutionProperties) = preSolution
		HideSolutionNode = FALSE
	EndGlobalSection
	GlobalSection(ExtensibilityGlobals) = postSolution
		SolutionGuid = {DA1451DF-05D5-431D-9364-29B5DB0C531B}
	EndGlobalSection
EndGlobal
